
Microsoft Visual Studio Solution File, Format Version 12.00
# Visual Studio Version 17
VisualStudioVersion = 17.0.31903.59
MinimumVisualStudioVersion = 10.0.40219.1
Project("{2150E333-8FDC-42A3-9474-1A3956D46DE8}") = "HelldiversRim", "HelldiversRim", "{D0B2A328-97A2-4964-992D-0B7F0138A21E}"
EndProject
Project("{FAE04EC0-301F-11D3-BF4B-00C04F79EFBC}") = "HelldiversRim", "HelldiversRim\Source\HelldiversRim.csproj", "{5AE6EF44-0769-4E37-B338-A4DB2E284557}"
EndProject
Global
	GlobalSection(SolutionConfigurationPlatforms) = preSolution
		Debug|Any CPU = Debug|Any CPU
		Release|Any CPU = Release|Any CPU
	EndGlobalSection
	GlobalSection(SolutionProperties) = preSolution
		HideSolutionNode = FALSE
	EndGlobalSection
	GlobalSection(ProjectConfigurationPlatforms) = postSolution
		{5AE6EF44-0769-4E37-B338-A4DB2E284557}.Debug|Any CPU.ActiveCfg = Debug|Any CPU
		{5AE6EF44-0769-4E37-B338-A4DB2E284557}.Debug|Any CPU.Build.0 = Debug|Any CPU
		{5AE6EF44-0769-4E37-B338-A4DB2E284557}.Release|Any CPU.ActiveCfg = Release|Any CPU
		{5AE6EF44-0769-4E37-B338-A4DB2E284557}.Release|Any CPU.Build.0 = Release|Any CPU
	EndGlobalSection
	GlobalSection(NestedProjects) = preSolution
		{5AE6EF44-0769-4E37-B338-A4DB2E284557} = {D0B2A328-97A2-4964-992D-0B7F0138A21E}
	EndGlobalSection
EndGlobal
